
Microsoft Visual Studio Solution File, Format Version 12.00
# Visual Studio Version 17
VisualStudioVersion = 17.4.33205.214
MinimumVisualStudioVersion = 10.0.40219.1
Project("{FAE04EC0-301F-11D3-BF4B-00C04F79EFBC}") = "La Mia Pizzeria 1", "La Mia Pizzeria 1\La Mia Pizzeria 1.csproj", "{2A48E10B-3D7E-4DC7-982F-77F11C96A6DD}"
EndProject
Global
	GlobalSection(SolutionConfigurationPlatforms) = preSolution
		Debug|Any CPU = Debug|Any CPU
		Release|Any CPU = Release|Any CPU
	EndGlobalSection
	GlobalSection(ProjectConfigurationPlatforms) = postSolution
		{2A48E10B-3D7E-4DC7-982F-77F11C96A6DD}.Debug|Any CPU.ActiveCfg = Debug|Any CPU
		{2A48E10B-3D7E-4DC7-982F-77F11C96A6DD}.Debug|Any CPU.Build.0 = Debug|Any CPU
		{2A48E10B-3D7E-4DC7-982F-77F11C96A6DD}.Release|Any CPU.ActiveCfg = Release|Any CPU
		{2A48E10B-3D7E-4DC7-982F-77F11C96A6DD}.Release|Any CPU.Build.0 = Release|Any CPU
	EndGlobalSection
	GlobalSection(SolutionProperties) = preSolution
		HideSolutionNode = FALSE
	EndGlobalSection
	GlobalSection(ExtensibilityGlobals) = postSolution
		SolutionGuid = {2EE01556-6486-4855-ABC7-B55138F011F3}
	EndGlobalSection
EndGlobal
